// !$*UTF8*$!
{
	archiveVersion = 1;
	classes = {
	};
	objectVersion = 50;
	objects = {

/* Begin PBXBuildFile section */
		169C343D21CB9DA7006880D4 /* AppDelegate.swift in Sources */ = {isa = PBXBuildFile; fileRef = 169C343C21CB9DA7006880D4 /* AppDelegate.swift */; };
		169C343F21CB9DA7006880D4 /* ViewController.swift in Sources */ = {isa = PBXBuildFile; fileRef = 169C343E21CB9DA7006880D4 /* ViewController.swift */; };
		169C344221CB9DA7006880D4 /* Main.storyboard in Resources */ = {isa = PBXBuildFile; fileRef = 169C344021CB9DA7006880D4 /* Main.storyboard */; };
		169C344421CB9DA8006880D4 /* Assets.xcassets in Resources */ = {isa = PBXBuildFile; fileRef = 169C344321CB9DA8006880D4 /* Assets.xcassets */; };
		169C344721CB9DA8006880D4 /* LaunchScreen.storyboard in Resources */ = {isa = PBXBuildFile; fileRef = 169C344521CB9DA8006880D4 /* LaunchScreen.storyboard */; };
		169C345221CB9DA8006880D4 /* ExampleTests.swift in Sources */ = {isa = PBXBuildFile; fileRef = 169C345121CB9DA8006880D4 /* ExampleTests.swift */; };
		169C345D21CB9DA8006880D4 /* ExampleUITests.swift in Sources */ = {isa = PBXBuildFile; fileRef = 169C345C21CB9DA8006880D4 /* ExampleUITests.swift */; };
		68126DC8F9EF96B6275ADE5E /* Pods_ExampleTests.framework in Frameworks */ = {isa = PBXBuildFile; fileRef = 2A22E35832E8D222B86412E7 /* Pods_ExampleTests.framework */; };
		C5804B80649C2D9C589DF520 /* Pods_Example.framework in Frameworks */ = {isa = PBXBuildFile; fileRef = 2196D91A3FD8E0D9881BEDCA /* Pods_Example.framework */; };
		CB629AD273FF7F640F4F8B55 /* Pods_ExampleUITests.framework in Frameworks */ = {isa = PBXBuildFile; fileRef = D5140843EF362EC58CC153BA /* Pods_ExampleUITests.framework */; };
/* End PBXBuildFile section */

/* Begin PBXContainerItemProxy section */
		169C344E21CB9DA8006880D4 /* PBXContainerItemProxy */ = {
			isa = PBXContainerItemProxy;
			containerPortal = 169C343121CB9DA7006880D4 /* Project object */;
			proxyType = 1;
			remoteGlobalIDString = 169C343821CB9DA7006880D4;
			remoteInfo = Example;
		};
		169C345921CB9DA8006880D4 /* PBXContainerItemProxy */ = {
			isa = PBXContainerItemProxy;
			containerPortal = 169C343121CB9DA7006880D4 /* Project object */;
			proxyType = 1;
			remoteGlobalIDString = 169C343821CB9DA7006880D4;
			remoteInfo = Example;
		};
/* End PBXContainerItemProxy section */

/* Begin PBXFileReference section */
		10BCC6D22035B4AD66E7C490 /* Pods-Example.debug.xcconfig */ = {isa = PBXFileReference; includeInIndex = 1; lastKnownFileType = text.xcconfig; name = "Pods-Example.debug.xcconfig"; path = "Pods/Target Support Files/Pods-Example/Pods-Example.debug.xcconfig"; sourceTree = "<group>"; };
		169C343921CB9DA7006880D4 /* Example.app */ = {isa = PBXFileReference; explicitFileType = wrapper.application; includeInIndex = 0; path = Example.app; sourceTree = BUILT_PRODUCTS_DIR; };
		169C343C21CB9DA7006880D4 /* AppDelegate.swift */ = {isa = PBXFileReference; lastKnownFileType = sourcecode.swift; path = AppDelegate.swift; sourceTree = "<group>"; };
		169C343E21CB9DA7006880D4 /* ViewController.swift */ = {isa = PBXFileReference; lastKnownFileType = sourcecode.swift; path = ViewController.swift; sourceTree = "<group>"; };
		169C344121CB9DA7006880D4 /* Base */ = {isa = PBXFileReference; lastKnownFileType = file.storyboard; name = Base; path = Base.lproj/Main.storyboard; sourceTree = "<group>"; };
		169C344321CB9DA8006880D4 /* Assets.xcassets */ = {isa = PBXFileReference; lastKnownFileType = folder.assetcatalog; path = Assets.xcassets; sourceTree = "<group>"; };
		169C344621CB9DA8006880D4 /* Base */ = {isa = PBXFileReference; lastKnownFileType = file.storyboard; name = Base; path = Base.lproj/LaunchScreen.storyboard; sourceTree = "<group>"; };
		169C344821CB9DA8006880D4 /* Info.plist */ = {isa = PBXFileReference; lastKnownFileType = text.plist.xml; path = Info.plist; sourceTree = "<group>"; };
		169C344D21CB9DA8006880D4 /* ExampleTests.xctest */ = {isa = PBXFileReference; explicitFileType = wrapper.cfbundle; includeInIndex = 0; path = ExampleTests.xctest; sourceTree = BUILT_PRODUCTS_DIR; };
		169C345121CB9DA8006880D4 /* ExampleTests.swift */ = {isa = PBXFileReference; lastKnownFileType = sourcecode.swift; path = ExampleTests.swift; sourceTree = "<group>"; };
		169C345321CB9DA8006880D4 /* Info.plist */ = {isa = PBXFileReference; lastKnownFileType = text.plist.xml; path = Info.plist; sourceTree = "<group>"; };
		169C345821CB9DA8006880D4 /* ExampleUITests.xctest */ = {isa = PBXFileReference; explicitFileType = wrapper.cfbundle; includeInIndex = 0; path = ExampleUITests.xctest; sourceTree = BUILT_PRODUCTS_DIR; };
		169C345C21CB9DA8006880D4 /* ExampleUITests.swift */ = {isa = PBXFileReference; lastKnownFileType = sourcecode.swift; path = ExampleUITests.swift; sourceTree = "<group>"; };
		169C345E21CB9DA8006880D4 /* Info.plist */ = {isa = PBXFileReference; lastKnownFileType = text.plist.xml; path = Info.plist; sourceTree = "<group>"; };
		18C0F9372CBD00635B00900E /* Pods-ExampleTests.debug.xcconfig */ = {isa = PBXFileReference; includeInIndex = 1; lastKnownFileType = text.xcconfig; name = "Pods-ExampleTests.debug.xcconfig"; path = "Pods/Target Support Files/Pods-ExampleTests/Pods-ExampleTests.debug.xcconfig"; sourceTree = "<group>"; };
		1FECB7E85C0806FB347E5891 /* Pods-ExampleTests.release.xcconfig */ = {isa = PBXFileReference; includeInIndex = 1; lastKnownFileType = text.xcconfig; name = "Pods-ExampleTests.release.xcconfig"; path = "Pods/Target Support Files/Pods-ExampleTests/Pods-ExampleTests.release.xcconfig"; sourceTree = "<group>"; };
		2196D91A3FD8E0D9881BEDCA /* Pods_Example.framework */ = {isa = PBXFileReference; explicitFileType = wrapper.framework; includeInIndex = 0; path = Pods_Example.framework; sourceTree = BUILT_PRODUCTS_DIR; };
		2A22E35832E8D222B86412E7 /* Pods_ExampleTests.framework */ = {isa = PBXFileReference; explicitFileType = wrapper.framework; includeInIndex = 0; path = Pods_ExampleTests.framework; sourceTree = BUILT_PRODUCTS_DIR; };
		3B124326712BC79C58EB1EF3 /* Pods-Example.release.xcconfig */ = {isa = PBXFileReference; includeInIndex = 1; lastKnownFileType = text.xcconfig; name = "Pods-Example.release.xcconfig"; path = "Pods/Target Support Files/Pods-Example/Pods-Example.release.xcconfig"; sourceTree = "<group>"; };
		4FBAD45721F95DEF8B04B956 /* Pods-ExampleUITests.debug.xcconfig */ = {isa = PBXFileReference; includeInIndex = 1; lastKnownFileType = text.xcconfig; name = "Pods-ExampleUITests.debug.xcconfig"; path = "Pods/Target Support Files/Pods-ExampleUITests/Pods-ExampleUITests.debug.xcconfig"; sourceTree = "<group>"; };
		93B019398D154C10EE35FEC8 /* Pods-ExampleUITests.release.xcconfig */ = {isa = PBXFileReference; includeInIndex = 1; lastKnownFileType = text.xcconfig; name = "Pods-ExampleUITests.release.xcconfig"; path = "Pods/Target Support Files/Pods-ExampleUITests/Pods-ExampleUITests.release.xcconfig"; sourceTree = "<group>"; };
		D5140843EF362EC58CC153BA /* Pods_ExampleUITests.framework */ = {isa = PBXFileReference; explicitFileType = wrapper.framework; includeInIndex = 0; path = Pods_ExampleUITests.framework; sourceTree = BUILT_PRODUCTS_DIR; };
/* End PBXFileReference section */

/* Begin PBXFrameworksBuildPhase section */
		169C343621CB9DA7006880D4 /* Frameworks */ = {
			isa = PBXFrameworksBuildPhase;
			buildActionMask = 2147483647;
			files = (
				C5804B80649C2D9C589DF520 /* Pods_Example.framework in Frameworks */,
			);
			runOnlyForDeploymentPostprocessing = 0;
		};
		169C344A21CB9DA8006880D4 /* Frameworks */ = {
			isa = PBXFrameworksBuildPhase;
			buildActionMask = 2147483647;
			files = (
				68126DC8F9EF96B6275ADE5E /* Pods_ExampleTests.framework in Frameworks */,
			);
			runOnlyForDeploymentPostprocessing = 0;
		};
		169C345521CB9DA8006880D4 /* Frameworks */ = {
			isa = PBXFrameworksBuildPhase;
			buildActionMask = 2147483647;
			files = (
				CB629AD273FF7F640F4F8B55 /* Pods_ExampleUITests.framework in Frameworks */,
			);
			runOnlyForDeploymentPostprocessing = 0;
		};
/* End PBXFrameworksBuildPhase section */

/* Begin PBXGroup section */
		169C343021CB9DA7006880D4 = {
			isa = PBXGroup;
			children = (
				169C343B21CB9DA7006880D4 /* Example */,
				169C345021CB9DA8006880D4 /* ExampleTests */,
				169C345B21CB9DA8006880D4 /* ExampleUITests */,
				169C343A21CB9DA7006880D4 /* Products */,
				9F241A8B4E5A88397CF97AFF /* Pods */,
				47AEA4947B4169795FF3F5E4 /* Frameworks */,
			);
			sourceTree = "<group>";
		};
		169C343A21CB9DA7006880D4 /* Products */ = {
			isa = PBXGroup;
			children = (
				169C343921CB9DA7006880D4 /* Example.app */,
				169C344D21CB9DA8006880D4 /* ExampleTests.xctest */,
				169C345821CB9DA8006880D4 /* ExampleUITests.xctest */,
			);
			name = Products;
			sourceTree = "<group>";
		};
		169C343B21CB9DA7006880D4 /* Example */ = {
			isa = PBXGroup;
			children = (
				169C343C21CB9DA7006880D4 /* AppDelegate.swift */,
				169C343E21CB9DA7006880D4 /* ViewController.swift */,
				169C344021CB9DA7006880D4 /* Main.storyboard */,
				169C344321CB9DA8006880D4 /* Assets.xcassets */,
				169C344521CB9DA8006880D4 /* LaunchScreen.storyboard */,
				169C344821CB9DA8006880D4 /* Info.plist */,
			);
			path = Example;
			sourceTree = "<group>";
		};
		169C345021CB9DA8006880D4 /* ExampleTests */ = {
			isa = PBXGroup;
			children = (
				169C345121CB9DA8006880D4 /* ExampleTests.swift */,
				169C345321CB9DA8006880D4 /* Info.plist */,
			);
			path = ExampleTests;
			sourceTree = "<group>";
		};
		169C345B21CB9DA8006880D4 /* ExampleUITests */ = {
			isa = PBXGroup;
			children = (
				169C345C21CB9DA8006880D4 /* ExampleUITests.swift */,
				169C345E21CB9DA8006880D4 /* Info.plist */,
			);
			path = ExampleUITests;
			sourceTree = "<group>";
		};
		47AEA4947B4169795FF3F5E4 /* Frameworks */ = {
			isa = PBXGroup;
			children = (
				2196D91A3FD8E0D9881BEDCA /* Pods_Example.framework */,
				2A22E35832E8D222B86412E7 /* Pods_ExampleTests.framework */,
				D5140843EF362EC58CC153BA /* Pods_ExampleUITests.framework */,
			);
			name = Frameworks;
			sourceTree = "<group>";
		};
		9F241A8B4E5A88397CF97AFF /* Pods */ = {
			isa = PBXGroup;
			children = (
				10BCC6D22035B4AD66E7C490 /* Pods-Example.debug.xcconfig */,
				3B124326712BC79C58EB1EF3 /* Pods-Example.release.xcconfig */,
				18C0F9372CBD00635B00900E /* Pods-ExampleTests.debug.xcconfig */,
				1FECB7E85C0806FB347E5891 /* Pods-ExampleTests.release.xcconfig */,
				4FBAD45721F95DEF8B04B956 /* Pods-ExampleUITests.debug.xcconfig */,
				93B019398D154C10EE35FEC8 /* Pods-ExampleUITests.release.xcconfig */,
			);
			name = Pods;
			sourceTree = "<group>";
		};
/* End PBXGroup section */

/* Begin PBXNativeTarget section */
		169C343821CB9DA7006880D4 /* Example */ = {
			isa = PBXNativeTarget;
			buildConfigurationList = 169C346121CB9DA8006880D4 /* Build configuration list for PBXNativeTarget "Example" */;
			buildPhases = (
				754253A99993DC2BF3A6BC1F /* [CP] Check Pods Manifest.lock */,
				169C343521CB9DA7006880D4 /* Sources */,
				169C343621CB9DA7006880D4 /* Frameworks */,
				169C343721CB9DA7006880D4 /* Resources */,
				AA2EE0F7DD9A63FF164F47C2 /* [CP] Embed Pods Frameworks */,
			);
			buildRules = (
			);
			dependencies = (
			);
			name = Example;
			productName = Example;
			productReference = 169C343921CB9DA7006880D4 /* Example.app */;
			productType = "com.apple.product-type.application";
		};
		169C344C21CB9DA8006880D4 /* ExampleTests */ = {
			isa = PBXNativeTarget;
			buildConfigurationList = 169C346421CB9DA8006880D4 /* Build configuration list for PBXNativeTarget "ExampleTests" */;
			buildPhases = (
				6F4AB343D10424364CE6A607 /* [CP] Check Pods Manifest.lock */,
				169C344921CB9DA8006880D4 /* Sources */,
				169C344A21CB9DA8006880D4 /* Frameworks */,
				169C344B21CB9DA8006880D4 /* Resources */,
			);
			buildRules = (
			);
			dependencies = (
				169C344F21CB9DA8006880D4 /* PBXTargetDependency */,
			);
			name = ExampleTests;
			productName = ExampleTests;
			productReference = 169C344D21CB9DA8006880D4 /* ExampleTests.xctest */;
			productType = "com.apple.product-type.bundle.unit-test";
		};
		169C345721CB9DA8006880D4 /* ExampleUITests */ = {
			isa = PBXNativeTarget;
			buildConfigurationList = 169C346721CB9DA8006880D4 /* Build configuration list for PBXNativeTarget "ExampleUITests" */;
			buildPhases = (
				150DDDC6821ED64C97AF8FCB /* [CP] Check Pods Manifest.lock */,
				169C345421CB9DA8006880D4 /* Sources */,
				169C345521CB9DA8006880D4 /* Frameworks */,
				169C345621CB9DA8006880D4 /* Resources */,
			);
			buildRules = (
			);
			dependencies = (
				169C345A21CB9DA8006880D4 /* PBXTargetDependency */,
			);
			name = ExampleUITests;
			productName = ExampleUITests;
			productReference = 169C345821CB9DA8006880D4 /* ExampleUITests.xctest */;
			productType = "com.apple.product-type.bundle.ui-testing";
		};
/* End PBXNativeTarget section */

/* Begin PBXProject section */
		169C343121CB9DA7006880D4 /* Project object */ = {
			isa = PBXProject;
			attributes = {
				LastSwiftUpdateCheck = 0940;
				LastUpgradeCheck = 0940;
				ORGANIZATIONNAME = melody;
				TargetAttributes = {
					169C343821CB9DA7006880D4 = {
						CreatedOnToolsVersion = 9.4.1;
					};
					169C344C21CB9DA8006880D4 = {
						CreatedOnToolsVersion = 9.4.1;
						TestTargetID = 169C343821CB9DA7006880D4;
					};
					169C345721CB9DA8006880D4 = {
						CreatedOnToolsVersion = 9.4.1;
						TestTargetID = 169C343821CB9DA7006880D4;
					};
				};
			};
			buildConfigurationList = 169C343421CB9DA7006880D4 /* Build configuration list for PBXProject "Example" */;
			compatibilityVersion = "Xcode 9.3";
			developmentRegion = en;
			hasScannedForEncodings = 0;
			knownRegions = (
				en,
				Base,
			);
			mainGroup = 169C343021CB9DA7006880D4;
			productRefGroup = 169C343A21CB9DA7006880D4 /* Products */;
			projectDirPath = "";
			projectRoot = "";
			targets = (
				169C343821CB9DA7006880D4 /* Example */,
				169C344C21CB9DA8006880D4 /* ExampleTests */,
				169C345721CB9DA8006880D4 /* ExampleUITests */,
			);
		};
/* End PBXProject section */

/* Begin PBXResourcesBuildPhase section */
		169C343721CB9DA7006880D4 /* Resources */ = {
			isa = PBXResourcesBuildPhase;
			buildActionMask = 2147483647;
			files = (
				169C344721CB9DA8006880D4 /* LaunchScreen.storyboard in Resources */,
				169C344421CB9DA8006880D4 /* Assets.xcassets in Resources */,
				169C344221CB9DA7006880D4 /* Main.storyboard in Resources */,
			);
			runOnlyForDeploymentPostprocessing = 0;
		};
		169C344B21CB9DA8006880D4 /* Resources */ = {
			isa = PBXResourcesBuildPhase;
			buildActionMask = 2147483647;
			files = (
			);
			runOnlyForDeploymentPostprocessing = 0;
		};
		169C345621CB9DA8006880D4 /* Resources */ = {
			isa = PBXResourcesBuildPhase;
			buildActionMask = 2147483647;
			files = (
			);
			runOnlyForDeploymentPostprocessing = 0;
		};
/* End PBXResourcesBuildPhase section */

/* Begin PBXShellScriptBuildPhase section */
		150DDDC6821ED64C97AF8FCB /* [CP] Check Pods Manifest.lock */ = {
			isa = PBXShellScriptBuildPhase;
			buildActionMask = 2147483647;
			files = (
			);
			inputPaths = (
				"${PODS_PODFILE_DIR_PATH}/Podfile.lock",
				"${PODS_ROOT}/Manifest.lock",
			);
			name = "[CP] Check Pods Manifest.lock";
			outputPaths = (
				"$(DERIVED_FILE_DIR)/Pods-ExampleUITests-checkManifestLockResult.txt",
			);
			runOnlyForDeploymentPostprocessing = 0;
			shellPath = /bin/sh;
			shellScript = "diff \"${PODS_PODFILE_DIR_PATH}/Podfile.lock\" \"${PODS_ROOT}/Manifest.lock\" > /dev/null\nif [ $? != 0 ] ; then\n    # print error to STDERR\n    echo \"error: The sandbox is not in sync with the Podfile.lock. Run 'pod install' or update your CocoaPods installation.\" >&2\n    exit 1\nfi\n# This output is used by Xcode 'outputs' to avoid re-running this script phase.\necho \"SUCCESS\" > \"${SCRIPT_OUTPUT_FILE_0}\"\n";
			showEnvVarsInLog = 0;
		};
		6F4AB343D10424364CE6A607 /* [CP] Check Pods Manifest.lock */ = {
			isa = PBXShellScriptBuildPhase;
			buildActionMask = 2147483647;
			files = (
			);
			inputPaths = (
				"${PODS_PODFILE_DIR_PATH}/Podfile.lock",
				"${PODS_ROOT}/Manifest.lock",
			);
			name = "[CP] Check Pods Manifest.lock";
			outputPaths = (
				"$(DERIVED_FILE_DIR)/Pods-ExampleTests-checkManifestLockResult.txt",
			);
			runOnlyForDeploymentPostprocessing = 0;
			shellPath = /bin/sh;
			shellScript = "diff \"${PODS_PODFILE_DIR_PATH}/Podfile.lock\" \"${PODS_ROOT}/Manifest.lock\" > /dev/null\nif [ $? != 0 ] ; then\n    # print error to STDERR\n    echo \"error: The sandbox is not in sync with the Podfile.lock. Run 'pod install' or update your CocoaPods installation.\" >&2\n    exit 1\nfi\n# This output is used by Xcode 'outputs' to avoid re-running this script phase.\necho \"SUCCESS\" > \"${SCRIPT_OUTPUT_FILE_0}\"\n";
			showEnvVarsInLog = 0;
		};
		754253A99993DC2BF3A6BC1F /* [CP] Check Pods Manifest.lock */ = {
			isa = PBXShellScriptBuildPhase;
			buildActionMask = 2147483647;
			files = (
			);
			inputPaths = (
				"${PODS_PODFILE_DIR_PATH}/Podfile.lock",
				"${PODS_ROOT}/Manifest.lock",
			);
			name = "[CP] Check Pods Manifest.lock";
			outputPaths = (
				"$(DERIVED_FILE_DIR)/Pods-Example-checkManifestLockResult.txt",
			);
			runOnlyForDeploymentPostprocessing = 0;
			shellPath = /bin/sh;
			shellScript = "diff \"${PODS_PODFILE_DIR_PATH}/Podfile.lock\" \"${PODS_ROOT}/Manifest.lock\" > /dev/null\nif [ $? != 0 ] ; then\n    # print error to STDERR\n    echo \"error: The sandbox is not in sync with the Podfile.lock. Run 'pod install' or update your CocoaPods installation.\" >&2\n    exit 1\nfi\n# This output is used by Xcode 'outputs' to avoid re-running this script phase.\necho \"SUCCESS\" > \"${SCRIPT_OUTPUT_FILE_0}\"\n";
			showEnvVarsInLog = 0;
		};
		AA2EE0F7DD9A63FF164F47C2 /* [CP] Embed Pods Frameworks */ = {
			isa = PBXShellScriptBuildPhase;
			buildActionMask = 2147483647;
			files = (
			);
			inputPaths = (
				"${SRCROOT}/Pods/Target Support Files/Pods-Example/Pods-Example-frameworks.sh",
				"${BUILT_PRODUCTS_DIR}/ModuleA/ModuleA.framework",
				"${BUILT_PRODUCTS_DIR}/YSMediator/YSMediator.framework",
				"${BUILT_PRODUCTS_DIR}/YSMediator_ModuleA/YSMediator_ModuleA.framework",
			);
			name = "[CP] Embed Pods Frameworks";
			outputPaths = (
				"${TARGET_BUILD_DIR}/${FRAMEWORKS_FOLDER_PATH}/ModuleA.framework",
				"${TARGET_BUILD_DIR}/${FRAMEWORKS_FOLDER_PATH}/YSMediator.framework",
				"${TARGET_BUILD_DIR}/${FRAMEWORKS_FOLDER_PATH}/YSMediator_ModuleA.framework",
			);
			runOnlyForDeploymentPostprocessing = 0;
			shellPath = /bin/sh;
			shellScript = "\"${SRCROOT}/Pods/Target Support Files/Pods-Example/Pods-Example-frameworks.sh\"\n";
			showEnvVarsInLog = 0;
		};
/* End PBXShellScriptBuildPhase section */

/* Begin PBXSourcesBuildPhase section */
		169C343521CB9DA7006880D4 /* Sources */ = {
			isa = PBXSourcesBuildPhase;
			buildActionMask = 2147483647;
			files = (
				169C343F21CB9DA7006880D4 /* ViewController.swift in Sources */,
				169C343D21CB9DA7006880D4 /* AppDelegate.swift in Sources */,
			);
			runOnlyForDeploymentPostprocessing = 0;
		};
		169C344921CB9DA8006880D4 /* Sources */ = {
			isa = PBXSourcesBuildPhase;
			buildActionMask = 2147483647;
			files = (
				169C345221CB9DA8006880D4 /* ExampleTests.swift in Sources */,
			);
			runOnlyForDeploymentPostprocessing = 0;
		};
		169C345421CB9DA8006880D4 /* Sources */ = {
			isa = PBXSourcesBuildPhase;
			buildActionMask = 2147483647;
			files = (
				169C345D21CB9DA8006880D4 /* ExampleUITests.swift in Sources */,
			);
			runOnlyForDeploymentPostprocessing = 0;
		};
/* End PBXSourcesBuildPhase section */

/* Begin PBXTargetDependency section */
		169C344F21CB9DA8006880D4 /* PBXTargetDependency */ = {
			isa = PBXTargetDependency;
			target = 169C343821CB9DA7006880D4 /* Example */;
			targetProxy = 169C344E21CB9DA8006880D4 /* PBXContainerItemProxy */;
		};
		169C345A21CB9DA8006880D4 /* PBXTargetDependency */ = {
			isa = PBXTargetDependency;
			target = 169C343821CB9DA7006880D4 /* Example */;
			targetProxy = 169C345921CB9DA8006880D4 /* PBXContainerItemProxy */;
		};
/* End PBXTargetDependency section */

/* Begin PBXVariantGroup section */
		169C344021CB9DA7006880D4 /* Main.storyboard */ = {
			isa = PBXVariantGroup;
			children = (
				169C344121CB9DA7006880D4 /* Base */,
			);
			name = Main.storyboard;
			sourceTree = "<group>";
		};
		169C344521CB9DA8006880D4 /* LaunchScreen.storyboard */ = {
			isa = PBXVariantGroup;
			children = (
				169C344621CB9DA8006880D4 /* Base */,
			);
			name = LaunchScreen.storyboard;
			sourceTree = "<group>";
		};
/* End PBXVariantGroup section */

/* Begin XCBuildConfiguration section */
		169C345F21CB9DA8006880D4 /* Debug */ = {
			isa = XCBuildConfiguration;
			buildSettings = {
				ALWAYS_SEARCH_USER_PATHS = NO;
				CLANG_ANALYZER_NONNULL = YES;
				CLANG_ANALYZER_NUMBER_OBJECT_CONVERSION = YES_AGGRESSIVE;
				CLANG_CXX_LANGUAGE_STANDARD = "gnu++14";
				CLANG_CXX_LIBRARY = "libc++";
				CLANG_ENABLE_MODULES = YES;
				CLANG_ENABLE_OBJC_ARC = YES;
				CLANG_ENABLE_OBJC_WEAK = YES;
				CLANG_WARN_BLOCK_CAPTURE_AUTORELEASING = YES;
				CLANG_WARN_BOOL_CONVERSION = YES;
				CLANG_WARN_COMMA = YES;
				CLANG_WARN_CONSTANT_CONVERSION = YES;
				CLANG_WARN_DEPRECATED_OBJC_IMPLEMENTATIONS = YES;
				CLANG_WARN_DIRECT_OBJC_ISA_USAGE = YES_ERROR;
				CLANG_WARN_DOCUMENTATION_COMMENTS = YES;
				CLANG_WARN_EMPTY_BODY = YES;
				CLANG_WARN_ENUM_CONVERSION = YES;
				CLANG_WARN_INFINITE_RECURSION = YES;
				CLANG_WARN_INT_CONVERSION = YES;
				CLANG_WARN_NON_LITERAL_NULL_CONVERSION = YES;
				CLANG_WARN_OBJC_IMPLICIT_RETAIN_SELF = YES;
				CLANG_WARN_OBJC_LITERAL_CONVERSION = YES;
				CLANG_WARN_OBJC_ROOT_CLASS = YES_ERROR;
				CLANG_WARN_RANGE_LOOP_ANALYSIS = YES;
				CLANG_WARN_STRICT_PROTOTYPES = YES;
				CLANG_WARN_SUSPICIOUS_MOVE = YES;
				CLANG_WARN_UNGUARDED_AVAILABILITY = YES_AGGRESSIVE;
				CLANG_WARN_UNREACHABLE_CODE = YES;
				CLANG_WARN__DUPLICATE_METHOD_MATCH = YES;
				CODE_SIGN_IDENTITY = "iPhone Developer";
				COPY_PHASE_STRIP = NO;
				DEBUG_INFORMATION_FORMAT = dwarf;
				ENABLE_STRICT_OBJC_MSGSEND = YES;
				ENABLE_TESTABILITY = YES;
				GCC_C_LANGUAGE_STANDARD = gnu11;
				GCC_DYNAMIC_NO_PIC = NO;
				GCC_NO_COMMON_BLOCKS = YES;
				GCC_OPTIMIZATION_LEVEL = 0;
				GCC_PREPROCESSOR_DEFINITIONS = (
					"DEBUG=1",
					"$(inherited)",
				);
				GCC_WARN_64_TO_32_BIT_CONVERSION = YES;
				GCC_WARN_ABOUT_RETURN_TYPE = YES_ERROR;
				GCC_WARN_UNDECLARED_SELECTOR = YES;
				GCC_WARN_UNINITIALIZED_AUTOS = YES_AGGRESSIVE;
				GCC_WARN_UNUSED_FUNCTION = YES;
				GCC_WARN_UNUSED_VARIABLE = YES;
				IPHONEOS_DEPLOYMENT_TARGET = 11.4;
				MTL_ENABLE_DEBUG_INFO = YES;
				ONLY_ACTIVE_ARCH = YES;
				SDKROOT = iphoneos;
				SWIFT_ACTIVE_COMPILATION_CONDITIONS = DEBUG;
				SWIFT_OPTIMIZATION_LEVEL = "-Onone";
			};
			name = Debug;
		};
		169C346021CB9DA8006880D4 /* Release */ = {
			isa = XCBuildConfiguration;
			buildSettings = {
				ALWAYS_SEARCH_USER_PATHS = NO;
				CLANG_ANALYZER_NONNULL = YES;
				CLANG_ANALYZER_NUMBER_OBJECT_CONVERSION = YES_AGGRESSIVE;
				CLANG_CXX_LANGUAGE_STANDARD = "gnu++14";
				CLANG_CXX_LIBRARY = "libc++";
				CLANG_ENABLE_MODULES = YES;
				CLANG_ENABLE_OBJC_ARC = YES;
				CLANG_ENABLE_OBJC_WEAK = YES;
				CLANG_WARN_BLOCK_CAPTURE_AUTORELEASING = YES;
				CLANG_WARN_BOOL_CONVERSION = YES;
				CLANG_WARN_COMMA = YES;
				CLANG_WARN_CONSTANT_CONVERSION = YES;
				CLANG_WARN_DEPRECATED_OBJC_IMPLEMENTATIONS = YES;
				CLANG_WARN_DIRECT_OBJC_ISA_USAGE = YES_ERROR;
				CLANG_WARN_DOCUMENTATION_COMMENTS = YES;
				CLANG_WARN_EMPTY_BODY = YES;
				CLANG_WARN_ENUM_CONVERSION = YES;
				CLANG_WARN_INFINITE_RECURSION = YES;
				CLANG_WARN_INT_CONVERSION = YES;
				CLANG_WARN_NON_LITERAL_NULL_CONVERSION = YES;
				CLANG_WARN_OBJC_IMPLICIT_RETAIN_SELF = YES;
				CLANG_WARN_OBJC_LITERAL_CONVERSION = YES;
				CLANG_WARN_OBJC_ROOT_CLASS = YES_ERROR;
				CLANG_WARN_RANGE_LOOP_ANALYSIS = YES;
				CLANG_WARN_STRICT_PROTOTYPES = YES;
				CLANG_WARN_SUSPICIOUS_MOVE = YES;
				CLANG_WARN_UNGUARDED_AVAILABILITY = YES_AGGRESSIVE;
				CLANG_WARN_UNREACHABLE_CODE = YES;
				CLANG_WARN__DUPLICATE_METHOD_MATCH = YES;
				CODE_SIGN_IDENTITY = "iPhone Developer";
				COPY_PHASE_STRIP = NO;
				DEBUG_INFORMATION_FORMAT = "dwarf-with-dsym";
				ENABLE_NS_ASSERTIONS = NO;
				ENABLE_STRICT_OBJC_MSGSEND = YES;
				GCC_C_LANGUAGE_STANDARD = gnu11;
				GCC_NO_COMMON_BLOCKS = YES;
				GCC_WARN_64_TO_32_BIT_CONVERSION = YES;
				GCC_WARN_ABOUT_RETURN_TYPE = YES_ERROR;
				GCC_WARN_UNDECLARED_SELECTOR = YES;
				GCC_WARN_UNINITIALIZED_AUTOS = YES_AGGRESSIVE;
				GCC_WARN_UNUSED_FUNCTION = YES;
				GCC_WARN_UNUSED_VARIABLE = YES;
				IPHONEOS_DEPLOYMENT_TARGET = 11.4;
				MTL_ENABLE_DEBUG_INFO = NO;
				SDKROOT = iphoneos;
				SWIFT_COMPILATION_MODE = wholemodule;
				SWIFT_OPTIMIZATION_LEVEL = "-O";
				VALIDATE_PRODUCT = YES;
			};
			name = Release;
		};
		169C346221CB9DA8006880D4 /* Debug */ = {
			isa = XCBuildConfiguration;
			baseConfigurationReference = 10BCC6D22035B4AD66E7C490 /* Pods-Example.debug.xcconfig */;
			buildSettings = {
				ASSETCATALOG_COMPILER_APPICON_NAME = AppIcon;
				CODE_SIGN_IDENTITY = "iPhone Developer";
				CODE_SIGN_STYLE = Automatic;
				DEVELOPMENT_TEAM = TYZJMC52M6;
				INFOPLIST_FILE = Example/Info.plist;
				IPHONEOS_DEPLOYMENT_TARGET = 9.0;
				LD_RUNPATH_SEARCH_PATHS = (
					"$(inherited)",
					"@executable_path/Frameworks",
				);
				PRODUCT_BUNDLE_IDENTIFIER = site.ysir.Example;
				PRODUCT_NAME = "$(TARGET_NAME)";
				PROVISIONING_PROFILE_SPECIFIER = "";
				SWIFT_VERSION = 4.0;
				TARGETED_DEVICE_FAMILY = "1,2";
			};
			name = Debug;
		};
		169C346321CB9DA8006880D4 /* Release */ = {
			isa = XCBuildConfiguration;
			baseConfigurationReference = 3B124326712BC79C58EB1EF3 /* Pods-Example.release.xcconfig */;
			buildSettings = {
				ASSETCATALOG_COMPILER_APPICON_NAME = AppIcon;
				CODE_SIGN_IDENTITY = "iPhone Developer";
				CODE_SIGN_STYLE = Automatic;
				DEVELOPMENT_TEAM = TYZJMC52M6;
				INFOPLIST_FILE = Example/Info.plist;
				IPHONEOS_DEPLOYMENT_TARGET = 9.0;
				LD_RUNPATH_SEARCH_PATHS = (
					"$(inherited)",
					"@executable_path/Frameworks",
				);
				PRODUCT_BUNDLE_IDENTIFIER = site.ysir.Example;
				PRODUCT_NAME = "$(TARGET_NAME)";
				PROVISIONING_PROFILE_SPECIFIER = "";
				SWIFT_VERSION = 4.0;
				TARGETED_DEVICE_FAMILY = "1,2";
			};
			name = Release;
		};
		169C346521CB9DA8006880D4 /* Debug */ = {
			isa = XCBuildConfiguration;
			baseConfigurationReference = 18C0F9372CBD00635B00900E /* Pods-ExampleTests.debug.xcconfig */;
			buildSettings = {
				ALWAYS_EMBED_SWIFT_STANDARD_LIBRARIES = YES;
				BUNDLE_LOADER = "$(TEST_HOST)";
				CODE_SIGN_STYLE = Automatic;
				DEVELOPMENT_TEAM = L24QS32T7H;
				INFOPLIST_FILE = ExampleTests/Info.plist;
				LD_RUNPATH_SEARCH_PATHS = (
					"$(inherited)",
					"@executable_path/Frameworks",
					"@loader_path/Frameworks",
				);
				PRODUCT_BUNDLE_IDENTIFIER = site.ysir.ExampleTests;
				PRODUCT_NAME = "$(TARGET_NAME)";
				SWIFT_VERSION = 4.0;
				TARGETED_DEVICE_FAMILY = "1,2";
				TEST_HOST = "$(BUILT_PRODUCTS_DIR)/Example.app/Example";
			};
			name = Debug;
		};
		169C346621CB9DA8006880D4 /* Release */ = {
			isa = XCBuildConfiguration;
			baseConfigurationReference = 1FECB7E85C0806FB347E5891 /* Pods-ExampleTests.release.xcconfig */;
			buildSettings = {
				ALWAYS_EMBED_SWIFT_STANDARD_LIBRARIES = YES;
				BUNDLE_LOADER = "$(TEST_HOST)";
				CODE_SIGN_STYLE = Automatic;
				DEVELOPMENT_TEAM = L24QS32T7H;
				INFOPLIST_FILE = ExampleTests/Info.plist;
				LD_RUNPATH_SEARCH_PATHS = (
					"$(inherited)",
					"@executable_path/Frameworks",
					"@loader_path/Frameworks",
				);
				PRODUCT_BUNDLE_IDENTIFIER = site.ysir.ExampleTests;
				PRODUCT_NAME = "$(TARGET_NAME)";
				SWIFT_VERSION = 4.0;
				TARGETED_DEVICE_FAMILY = "1,2";
				TEST_HOST = "$(BUILT_PRODUCTS_DIR)/Example.app/Example";
			};
			name = Release;
		};
		169C346821CB9DA8006880D4 /* Debug */ = {
			isa = XCBuildConfiguration;
			baseConfigurationReference = 4FBAD45721F95DEF8B04B956 /* Pods-ExampleUITests.debug.xcconfig */;
			buildSettings = {
				ALWAYS_EMBED_SWIFT_STANDARD_LIBRARIES = YES;
				CODE_SIGN_STYLE = Automatic;
				DEVELOPMENT_TEAM = L24QS32T7H;
				INFOPLIST_FILE = ExampleUITests/Info.plist;
				LD_RUNPATH_SEARCH_PATHS = (
					"$(inherited)",
					"@executable_path/Frameworks",
					"@loader_path/Frameworks",
				);
				PRODUCT_BUNDLE_IDENTIFIER = site.ysir.ExampleUITests;
				PRODUCT_NAME = "$(TARGET_NAME)";
				SWIFT_VERSION = 4.0;
				TARGETED_DEVICE_FAMILY = "1,2";
				TEST_TARGET_NAME = Example;
			};
			name = Debug;
		};
		169C346921CB9DA8006880D4 /* Release */ = {
			isa = XCBuildConfiguration;
			baseConfigurationReference = 93B019398D154C10EE35FEC8 /* Pods-ExampleUITests.release.xcconfig */;
			buildSettings = {
				ALWAYS_EMBED_SWIFT_STANDARD_LIBRARIES = YES;
				CODE_SIGN_STYLE = Automatic;
				DEVELOPMENT_TEAM = L24QS32T7H;
				INFOPLIST_FILE = ExampleUITests/Info.plist;
				LD_RUNPATH_SEARCH_PATHS = (
					"$(inherited)",
					"@executable_path/Frameworks",
					"@loader_path/Frameworks",
				);
				PRODUCT_BUNDLE_IDENTIFIER = site.ysir.ExampleUITests;
				PRODUCT_NAME = "$(TARGET_NAME)";
				SWIFT_VERSION = 4.0;
				TARGETED_DEVICE_FAMILY = "1,2";
				TEST_TARGET_NAME = Example;
			};
			name = Release;
		};
/* End XCBuildConfiguration section */

/* Begin XCConfigurationList section */
		169C343421CB9DA7006880D4 /* Build configuration list for PBXProject "Example" */ = {
			isa = XCConfigurationList;
			buildConfigurations = (
				169C345F21CB9DA8006880D4 /* Debug */,
				169C346021CB9DA8006880D4 /* Release */,
			);
			defaultConfigurationIsVisible = 0;
			defaultConfigurationName = Release;
		};
		169C346121CB9DA8006880D4 /* Build configuration list for PBXNativeTarget "Example" */ = {
			isa = XCConfigurationList;
			buildConfigurations = (
				169C346221CB9DA8006880D4 /* Debug */,
				169C346321CB9DA8006880D4 /* Release */,
			);
			defaultConfigurationIsVisible = 0;
			defaultConfigurationName = Release;
		};
		169C346421CB9DA8006880D4 /* Build configuration list for PBXNativeTarget "ExampleTests" */ = {
			isa = XCConfigurationList;
			buildConfigurations = (
				169C346521CB9DA8006880D4 /* Debug */,
				169C346621CB9DA8006880D4 /* Release */,
			);
			defaultConfigurationIsVisible = 0;
			defaultConfigurationName = Release;
		};
		169C346721CB9DA8006880D4 /* Build configuration list for PBXNativeTarget "ExampleUITests" */ = {
			isa = XCConfigurationList;
			buildConfigurations = (
				169C346821CB9DA8006880D4 /* Debug */,
				169C346921CB9DA8006880D4 /* Release */,
			);
			defaultConfigurationIsVisible = 0;
			defaultConfigurationName = Release;
		};
/* End XCConfigurationList section */
	};
	rootObject = 169C343121CB9DA7006880D4 /* Project object */;
}
